
Microsoft Visual Studio Solution File, Format Version 12.00
# Visual Studio Version 17
VisualStudioVersion = 17.14.36616.10 d17.14
MinimumVisualStudioVersion = 10.0.40219.1
Project("{FAE04EC0-301F-11D3-BF4B-00C04F79EFBC}") = "InheritanceCS", "InheritanceCS\InheritanceCS.csproj", "{2E6CF832-89B0-4D80-B320-20BD72AFF3B5}"
EndProject
Project("{FAE04EC0-301F-11D3-BF4B-00C04F79EFBC}") = "Abstract Base Class", "Abstract Base Class\Abstract Base Class.csproj", "{705FB94D-0B5E-45DD-86A6-5A28F1C0B645}"
EndProject
Project("{FAE04EC0-301F-11D3-BF4B-00C04F79EFBC}") = "Acadeny", "Acadeny\Acadeny.csproj", "{00CBB3E1-52EF-4016-91AC-A80BE1AA3C2E}"
EndProject
Global
	GlobalSection(SolutionConfigurationPlatforms) = preSolution
		Debug|Any CPU = Debug|Any CPU
		Release|Any CPU = Release|Any CPU
	EndGlobalSection
	GlobalSection(ProjectConfigurationPlatforms) = postSolution
		{2E6CF832-89B0-4D80-B320-20BD72AFF3B5}.Debug|Any CPU.ActiveCfg = Debug|Any CPU
		{2E6CF832-89B0-4D80-B320-20BD72AFF3B5}.Debug|Any CPU.Build.0 = Debug|Any CPU
		{2E6CF832-89B0-4D80-B320-20BD72AFF3B5}.Release|Any CPU.ActiveCfg = Release|Any CPU
		{2E6CF832-89B0-4D80-B320-20BD72AFF3B5}.Release|Any CPU.Build.0 = Release|Any CPU
		{705FB94D-0B5E-45DD-86A6-5A28F1C0B645}.Debug|Any CPU.ActiveCfg = Debug|Any CPU
		{705FB94D-0B5E-45DD-86A6-5A28F1C0B645}.Debug|Any CPU.Build.0 = Debug|Any CPU
		{705FB94D-0B5E-45DD-86A6-5A28F1C0B645}.Release|Any CPU.ActiveCfg = Release|Any CPU
		{705FB94D-0B5E-45DD-86A6-5A28F1C0B645}.Release|Any CPU.Build.0 = Release|Any CPU
		{00CBB3E1-52EF-4016-91AC-A80BE1AA3C2E}.Debug|Any CPU.ActiveCfg = Debug|Any CPU
		{00CBB3E1-52EF-4016-91AC-A80BE1AA3C2E}.Debug|Any CPU.Build.0 = Debug|Any CPU
		{00CBB3E1-52EF-4016-91AC-A80BE1AA3C2E}.Release|Any CPU.ActiveCfg = Release|Any CPU
		{00CBB3E1-52EF-4016-91AC-A80BE1AA3C2E}.Release|Any CPU.Build.0 = Release|Any CPU
	EndGlobalSection
	GlobalSection(SolutionProperties) = preSolution
		HideSolutionNode = FALSE
	EndGlobalSection
	GlobalSection(ExtensibilityGlobals) = postSolution
		SolutionGuid = {97BC7698-3647-499C-8551-6ADA6F6C2ED2}
	EndGlobalSection
EndGlobal
